Microsoft Visual Studio Solution File, Format Version 12.00
# Visual Studio Version 17
VisualStudioVersion = 17.11.35219.272
MinimumVisualStudioVersion = 10.0.40219.1
Project("{9A19103F-16F7-4668-BE54-9A1E7A4F7556}") = "Project Restacia UWP", "Project Restacia UWP\Project Restacia UWP.csproj", "{ECC29583-29A2-434C-A510-9058A326C23C}"
EndProject
Global
	GlobalSection(SolutionConfigurationPlatforms) = preSolution
		Debug|Any CPU = Debug|Any CPU
		Debug|ARM = Debug|ARM
		Debug|ARM64 = Debug|ARM64
		Debug|x64 = Debug|x64
		Debug|x86 = Debug|x86
		Release|Any CPU = Release|Any CPU
		Release|ARM = Release|ARM
		Release|ARM64 = Release|ARM64
		Release|x64 = Release|x64
		Release|x86 = Release|x86
	EndGlobalSection
	GlobalSection(ProjectConfigurationPlatforms) = postSolution
		{ECC29583-29A2-434C-A510-9058A326C23C}.Debug|Any CPU.ActiveCfg = Debug|Any CPU
		{ECC29583-29A2-434C-A510-9058A326C23C}.Debug|Any CPU.Build.0 = Debug|Any CPU
		{ECC29583-29A2-434C-A510-9058A326C23C}.Debug|Any CPU.Deploy.0 = Debug|Any CPU
		{ECC29583-29A2-434C-A510-9058A326C23C}.Debug|ARM.ActiveCfg = Debug|ARM
		{ECC29583-29A2-434C-A510-9058A326C23C}.Debug|ARM.Build.0 = Debug|ARM
		{ECC29583-29A2-434C-A510-9058A326C23C}.Debug|ARM.Deploy.0 = Debug|ARM
		{ECC29583-29A2-434C-A510-9058A326C23C}.Debug|ARM64.ActiveCfg = Debug|ARM64
		{ECC29583-29A2-434C-A510-9058A326C23C}.Debug|ARM64.Build.0 = Debug|ARM64
		{ECC29583-29A2-434C-A510-9058A326C23C}.Debug|ARM64.Deploy.0 = Debug|ARM64
		{ECC29583-29A2-434C-A510-9058A326C23C}.Debug|x64.ActiveCfg = Debug|x64
		{ECC29583-29A2-434C-A510-9058A326C23C}.Debug|x64.Build.0 = Debug|x64
		{ECC29583-29A2-434C-A510-9058A326C23C}.Debug|x64.Deploy.0 = Debug|x64
		{ECC29583-29A2-434C-A510-9058A326C23C}.Debug|x86.ActiveCfg = Debug|x86
		{ECC29583-29A2-434C-A510-9058A326C23C}.Debug|x86.Build.0 = Debug|x86
		{ECC29583-29A2-434C-A510-9058A326C23C}.Debug|x86.Deploy.0 = Debug|x86
		{ECC29583-29A2-434C-A510-9058A326C23C}.Release|Any CPU.ActiveCfg = Release|Any CPU
		{ECC29583-29A2-434C-A510-9058A326C23C}.Release|Any CPU.Build.0 = Release|Any CPU
		{ECC29583-29A2-434C-A510-9058A326C23C}.Release|Any CPU.Deploy.0 = Release|Any CPU
		{ECC29583-29A2-434C-A510-9058A326C23C}.Release|ARM.ActiveCfg = Release|ARM
		{ECC29583-29A2-434C-A510-9058A326C23C}.Release|ARM.Build.0 = Release|ARM
		{ECC29583-29A2-434C-A510-9058A326C23C}.Release|ARM.Deploy.0 = Release|ARM
		{ECC29583-29A2-434C-A510-9058A326C23C}.Release|ARM64.ActiveCfg = Release|ARM64
		{ECC29583-29A2-434C-A510-9058A326C23C}.Release|ARM64.Build.0 = Release|ARM64
		{ECC29583-29A2-434C-A510-9058A326C23C}.Release|ARM64.Deploy.0 = Release|ARM64
		{ECC29583-29A2-434C-A510-9058A326C23C}.Release|x64.ActiveCfg = Release|x64
		{ECC29583-29A2-434C-A510-9058A326C23C}.Release|x64.Build.0 = Release|x64
		{ECC29583-29A2-434C-A510-9058A326C23C}.Release|x64.Deploy.0 = Release|x64
		{ECC29583-29A2-434C-A510-9058A326C23C}.Release|x86.ActiveCfg = Release|x86
		{ECC29583-29A2-434C-A510-9058A326C23C}.Release|x86.Build.0 = Release|x86
		{ECC29583-29A2-434C-A510-9058A326C23C}.Release|x86.Deploy.0 = Release|x86
	EndGlobalSection
	GlobalSection(SolutionProperties) = preSolution
		HideSolutionNode = FALSE
	EndGlobalSection
	GlobalSection(ExtensibilityGlobals) = postSolution
		SolutionGuid = {055217DC-DF5E-436A-A57E-82F4925537A5}
	EndGlobalSection
EndGlobal
